
Microsoft Visual Studio Solution File, Format Version 12.00
# Visual Studio Version 16
VisualStudioVersion = 16.0.31229.75
MinimumVisualStudioVersion = 10.0.40219.1
Project("{9A19103F-16F7-4668-BE54-9A1E7A4F7556}") = "BlazorAppNginx", "BlazorAppNginx\BlazorAppNginx.csproj", "{669D3CEC-4C1E-4452-98C4-70F8254BFDFA}"
EndProject
Global
	GlobalSection(SolutionConfigurationPlatforms) = preSolution
		Debug|Any CPU = Debug|Any CPU
		Release|Any CPU = Release|Any CPU
	EndGlobalSection
	GlobalSection(ProjectConfigurationPlatforms) = postSolution
		{669D3CEC-4C1E-4452-98C4-70F8254BFDFA}.Debug|Any CPU.ActiveCfg = Debug|Any CPU
		{669D3CEC-4C1E-4452-98C4-70F8254BFDFA}.Debug|Any CPU.Build.0 = Debug|Any CPU
		{669D3CEC-4C1E-4452-98C4-70F8254BFDFA}.Release|Any CPU.ActiveCfg = Release|Any CPU
		{669D3CEC-4C1E-4452-98C4-70F8254BFDFA}.Release|Any CPU.Build.0 = Release|Any CPU
	EndGlobalSection
	GlobalSection(SolutionProperties) = preSolution
		HideSolutionNode = FALSE
	EndGlobalSection
	GlobalSection(ExtensibilityGlobals) = postSolution
		SolutionGuid = {A22AAF67-4705-496B-8E00-28D538EE2BFB}
	EndGlobalSection
EndGlobal
